// !$*UTF8*$!
{
	archiveVersion = 1;
	classes = {
	};
	objectVersion = 50;
	objects = {

/* Begin PBXBuildFile section */
		CC517CB625E169C4004EF1D3 /* AppDelegate.swift in Sources */ = {isa = PBXBuildFile; fileRef = CC517CB525E169C4004EF1D3 /* AppDelegate.swift */; };
		CC517CB825E169C4004EF1D3 /* SceneDelegate.swift in Sources */ = {isa = PBXBuildFile; fileRef = CC517CB725E169C4004EF1D3 /* SceneDelegate.swift */; };
		CC517CBA25E169C4004EF1D3 /* ViewController.swift in Sources */ = {isa = PBXBuildFile; fileRef = CC517CB925E169C4004EF1D3 /* ViewController.swift */; };
		CC517CBD25E169C4004EF1D3 /* Main.storyboard in Resources */ = {isa = PBXBuildFile; fileRef = CC517CBB25E169C4004EF1D3 /* Main.storyboard */; };
		CC517CBF25E169C5004EF1D3 /* Assets.xcassets in Resources */ = {isa = PBXBuildFile; fileRef = CC517CBE25E169C5004EF1D3 /* Assets.xcassets */; };
		CC517CC225E169C5004EF1D3 /* LaunchScreen.storyboard in Resources */ = {isa = PBXBuildFile; fileRef = CC517CC025E169C5004EF1D3 /* LaunchScreen.storyboard */; };
		CC517CCB25E16C45004EF1D3 /* secondViewController.swift in Sources */ = {isa = PBXBuildFile; fileRef = CC517CCA25E16C45004EF1D3 /* secondViewController.swift */; };
/* End PBXBuildFile section */

/* Begin PBXFileReference section */
		CC517CB225E169C4004EF1D3 /* coronaAPP.app */ = {isa = PBXFileReference; explicitFileType = wrapper.application; includeInIndex = 0; path = coronaAPP.app; sourceTree = BUILT_PRODUCTS_DIR; };
		CC517CB525E169C4004EF1D3 /* AppDelegate.swift */ = {isa = PBXFileReference; lastKnownFileType = sourcecode.swift; path = AppDelegate.swift; sourceTree = "<group>"; };
		CC517CB725E169C4004EF1D3 /* SceneDelegate.swift */ = {isa = PBXFileReference; lastKnownFileType = sourcecode.swift; path = SceneDelegate.swift; sourceTree = "<group>"; };
		CC517CB925E169C4004EF1D3 /* ViewController.swift */ = {isa = PBXFileReference; lastKnownFileType = sourcecode.swift; path = ViewController.swift; sourceTree = "<group>"; };
		CC517CBC25E169C4004EF1D3 /* Base */ = {isa = PBXFileReference; lastKnownFileType = file.storyboard; name = Base; path = Base.lproj/Main.storyboard; sourceTree = "<group>"; };
		CC517CBE25E169C5004EF1D3 /* Assets.xcassets */ = {isa = PBXFileReference; lastKnownFileType = folder.assetcatalog; path = Assets.xcassets; sourceTree = "<group>"; };
		CC517CC125E169C5004EF1D3 /* Base */ = {isa = PBXFileReference; lastKnownFileType = file.storyboard; name = Base; path = Base.lproj/LaunchScreen.storyboard; sourceTree = "<group>"; };
		CC517CC325E169C5004EF1D3 /* Info.plist */ = {isa = PBXFileReference; lastKnownFileType = text.plist.xml; path = Info.plist; sourceTree = "<group>"; };
		CC517CCA25E16C45004EF1D3 /* secondViewController.swift */ = {isa = PBXFileReference; lastKnownFileType = sourcecode.swift; path = secondViewController.swift; sourceTree = "<group>"; };
/* End PBXFileReference section */

/* Begin PBXFrameworksBuildPhase section */
		CC517CAF25E169C4004EF1D3 /* Frameworks */ = {
			isa = PBXFrameworksBuildPhase;
			buildActionMask = 2147483647;
			files = (
			);
			runOnlyForDeploymentPostprocessing = 0;
		};
/* End PBXFrameworksBuildPhase section */

/* Begin PBXGroup section */
		CC517CA925E169C4004EF1D3 = {
			isa = PBXGroup;
			children = (
				CC517CB425E169C4004EF1D3 /* coronaAPP */,
				CC517CB325E169C4004EF1D3 /* Products */,
			);
			sourceTree = "<group>";
		};
		CC517CB325E169C4004EF1D3 /* Products */ = {
			isa = PBXGroup;
			children = (
				CC517CB225E169C4004EF1D3 /* coronaAPP.app */,
			);
			name = Products;
			sourceTree = "<group>";
		};
		CC517CB425E169C4004EF1D3 /* coronaAPP */ = {
			isa = PBXGroup;
			children = (
				CC517CB525E169C4004EF1D3 /* AppDelegate.swift */,
				CC517CB725E169C4004EF1D3 /* SceneDelegate.swift */,
				CC517CB925E169C4004EF1D3 /* ViewController.swift */,
				CC517CCA25E16C45004EF1D3 /* secondViewController.swift */,
				CC517CBB25E169C4004EF1D3 /* Main.storyboard */,
				CC517CBE25E169C5004EF1D3 /* Assets.xcassets */,
				CC517CC025E169C5004EF1D3 /* LaunchScreen.storyboard */,
				CC517CC325E169C5004EF1D3 /* Info.plist */,
			);
			path = coronaAPP;
			sourceTree = "<group>";
		};
/* End PBXGroup section */

/* Begin PBXNativeTarget section */
		CC517CB125E169C4004EF1D3 /* coronaAPP */ = {
			isa = PBXNativeTarget;
			buildConfigurationList = CC517CC625E169C5004EF1D3 /* Build configuration list for PBXNativeTarget "coronaAPP" */;
			buildPhases = (
				CC517CAE25E169C4004EF1D3 /* Sources */,
				CC517CAF25E169C4004EF1D3 /* Frameworks */,
				CC517CB025E169C4004EF1D3 /* Resources */,
			);
			buildRules = (
			);
			dependencies = (
			);
			name = coronaAPP;
			productName = coronaAPP;
			productReference = CC517CB225E169C4004EF1D3 /* coronaAPP.app */;
			productType = "com.apple.product-type.application";
		};
/* End PBXNativeTarget section */

/* Begin PBXProject section */
		CC517CAA25E169C4004EF1D3 /* Project object */ = {
			isa = PBXProject;
			attributes = {
				LastSwiftUpdateCheck = 1240;
				LastUpgradeCheck = 1240;
				TargetAttributes = {
					CC517CB125E169C4004EF1D3 = {
						CreatedOnToolsVersion = 12.4;
					};
				};
			};
			buildConfigurationList = CC517CAD25E169C4004EF1D3 /* Build configuration list for PBXProject "coronaAPP" */;
			compatibilityVersion = "Xcode 9.3";
			developmentRegion = en;
			hasScannedForEncodings = 0;
			knownRegions = (
				en,
				Base,
			);
			mainGroup = CC517CA925E169C4004EF1D3;
			productRefGroup = CC517CB325E169C4004EF1D3 /* Products */;
			projectDirPath = "";
			projectRoot = "";
			targets = (
				CC517CB125E169C4004EF1D3 /* coronaAPP */,
			);
		};
/* End PBXProject section */

/* Begin PBXResourcesBuildPhase section */
		CC517CB025E169C4004EF1D3 /* Resources */ = {
			isa = PBXResourcesBuildPhase;
			buildActionMask = 2147483647;
			files = (
				CC517CC225E169C5004EF1D3 /* LaunchScreen.storyboard in Resources */,
				CC517CBF25E169C5004EF1D3 /* Assets.xcassets in Resources */,
				CC517CBD25E169C4004EF1D3 /* Main.storyboard in Resources */,
			);
			runOnlyForDeploymentPostprocessing = 0;
		};
/* End PBXResourcesBuildPhase section */

/* Begin PBXSourcesBuildPhase section */
		CC517CAE25E169C4004EF1D3 /* Sources */ = {
			isa = PBXSourcesBuildPhase;
			buildActionMask = 2147483647;
			files = (
				CC517CCB25E16C45004EF1D3 /* secondViewController.swift in Sources */,
				CC517CBA25E169C4004EF1D3 /* ViewController.swift in Sources */,
				CC517CB625E169C4004EF1D3 /* AppDelegate.swift in Sources */,
				CC517CB825E169C4004EF1D3 /* SceneDelegate.swift in Sources */,
			);
			runOnlyForDeploymentPostprocessing = 0;
		};
/* End PBXSourcesBuildPhase section */

/* Begin PBXVariantGroup section */
		CC517CBB25E169C4004EF1D3 /* Main.storyboard */ = {
			isa = PBXVariantGroup;
			children = (
				CC517CBC25E169C4004EF1D3 /* Base */,
			);
			name = Main.storyboard;
			sourceTree = "<group>";
		};
		CC517CC025E169C5004EF1D3 /* LaunchScreen.storyboard */ = {
			isa = PBXVariantGroup;
			children = (
				CC517CC125E169C5004EF1D3 /* Base */,
			);
			name = LaunchScreen.storyboard;
			sourceTree = "<group>";
		};
/* End PBXVariantGroup section */

/* Begin XCBuildConfiguration section */
		CC517CC425E169C5004EF1D3 /* Debug */ = {
			isa = XCBuildConfiguration;
			buildSettings = {
				ALWAYS_SEARCH_USER_PATHS = NO;
				CLANG_ANALYZER_NONNULL = YES;
				CLANG_ANALYZER_NUMBER_OBJECT_CONVERSION = YES_AGGRESSIVE;
				CLANG_CXX_LANGUAGE_STANDARD = "gnu++14";
				CLANG_CXX_LIBRARY = "libc++";
				CLANG_ENABLE_MODULES = YES;
				CLANG_ENABLE_OBJC_ARC = YES;
				CLANG_ENABLE_OBJC_WEAK = YES;
				CLANG_WARN_BLOCK_CAPTURE_AUTORELEASING = YES;
				CLANG_WARN_BOOL_CONVERSION = YES;
				CLANG_WARN_COMMA = YES;
				CLANG_WARN_CONSTANT_CONVERSION = YES;
				CLANG_WARN_DEPRECATED_OBJC_IMPLEMENTATIONS = YES;
				CLANG_WARN_DIRECT_OBJC_ISA_USAGE = YES_ERROR;
				CLANG_WARN_DOCUMENTATION_COMMENTS = YES;
				CLANG_WARN_EMPTY_BODY = YES;
				CLANG_WARN_ENUM_CONVERSION = YES;
				CLANG_WARN_INFINITE_RECURSION = YES;
				CLANG_WARN_INT_CONVERSION = YES;
				CLANG_WARN_NON_LITERAL_NULL_CONVERSION = YES;
				CLANG_WARN_OBJC_IMPLICIT_RETAIN_SELF = YES;
				CLANG_WARN_OBJC_LITERAL_CONVERSION = YES;
				CLANG_WARN_OBJC_ROOT_CLASS = YES_ERROR;
				CLANG_WARN_QUOTED_INCLUDE_IN_FRAMEWORK_HEADER = YES;
				CLANG_WARN_RANGE_LOOP_ANALYSIS = YES;
				CLANG_WARN_STRICT_PROTOTYPES = YES;
				CLANG_WARN_SUSPICIOUS_MOVE = YES;
				CLANG_WARN_UNGUARDED_AVAILABILITY = YES_AGGRESSIVE;
				CLANG_WARN_UNREACHABLE_CODE = YES;
				CLANG_WARN__DUPLICATE_METHOD_MATCH = YES;
				COPY_PHASE_STRIP = NO;
				DEBUG_INFORMATION_FORMAT = dwarf;
				ENABLE_STRICT_OBJC_MSGSEND = YES;
				ENABLE_TESTABILITY = YES;
				GCC_C_LANGUAGE_STANDARD = gnu11;
				GCC_DYNAMIC_NO_PIC = NO;
				GCC_NO_COMMON_BLOCKS = YES;
				GCC_OPTIMIZATION_LEVEL = 0;
				GCC_PREPROCESSOR_DEFINITIONS = (
					"DEBUG=1",
					"$(inherited)",
				);
				GCC_WARN_64_TO_32_BIT_CONVERSION = YES;
				GCC_WARN_ABOUT_RETURN_TYPE = YES_ERROR;
				GCC_WARN_UNDECLARED_SELECTOR = YES;
				GCC_WARN_UNINITIALIZED_AUTOS = YES_AGGRESSIVE;
				GCC_WARN_UNUSED_FUNCTION = YES;
				GCC_WARN_UNUSED_VARIABLE = YES;
				IPHONEOS_DEPLOYMENT_TARGET = 14.4;
				MTL_ENABLE_DEBUG_INFO = INCLUDE_SOURCE;
				MTL_FAST_MATH = YES;
				ONLY_ACTIVE_ARCH = YES;
				SDKROOT = iphoneos;
				SWIFT_ACTIVE_COMPILATION_CONDITIONS = DEBUG;
				SWIFT_OPTIMIZATION_LEVEL = "-Onone";
			};
			name = Debug;
		};
		CC517CC525E169C5004EF1D3 /* Release */ = {
			isa = XCBuildConfiguration;
			buildSettings = {
				ALWAYS_SEARCH_USER_PATHS = NO;
				CLANG_ANALYZER_NONNULL = YES;
				CLANG_ANALYZER_NUMBER_OBJECT_CONVERSION = YES_AGGRESSIVE;
				CLANG_CXX_LANGUAGE_STANDARD = "gnu++14";
				CLANG_CXX_LIBRARY = "libc++";
				CLANG_ENABLE_MODULES = YES;
				CLANG_ENABLE_OBJC_ARC = YES;
				CLANG_ENABLE_OBJC_WEAK = YES;
				CLANG_WARN_BLOCK_CAPTURE_AUTORELEASING = YES;
				CLANG_WARN_BOOL_CONVERSION = YES;
				CLANG_WARN_COMMA = YES;
				CLANG_WARN_CONSTANT_CONVERSION = YES;
				CLANG_WARN_DEPRECATED_OBJC_IMPLEMENTATIONS = YES;
				CLANG_WARN_DIRECT_OBJC_ISA_USAGE = YES_ERROR;
				CLANG_WARN_DOCUMENTATION_COMMENTS = YES;
				CLANG_WARN_EMPTY_BODY = YES;
				CLANG_WARN_ENUM_CONVERSION = YES;
				CLANG_WARN_INFINITE_RECURSION = YES;
				CLANG_WARN_INT_CONVERSION = YES;
				CLANG_WARN_NON_LITERAL_NULL_CONVERSION = YES;
				CLANG_WARN_OBJC_IMPLICIT_RETAIN_SELF = YES;
				CLANG_WARN_OBJC_LITERAL_CONVERSION = YES;
				CLANG_WARN_OBJC_ROOT_CLASS = YES_ERROR;
				CLANG_WARN_QUOTED_INCLUDE_IN_FRAMEWORK_HEADER = YES;
				CLANG_WARN_RANGE_LOOP_ANALYSIS = YES;
				CLANG_WARN_STRICT_PROTOTYPES = YES;
				CLANG_WARN_SUSPICIOUS_MOVE = YES;
				CLANG_WARN_UNGUARDED_AVAILABILITY = YES_AGGRESSIVE;
				CLANG_WARN_UNREACHABLE_CODE = YES;
				CLANG_WARN__DUPLICATE_METHOD_MATCH = YES;
				COPY_PHASE_STRIP = NO;
				DEBUG_INFORMATION_FORMAT = "dwarf-with-dsym";
				ENABLE_NS_ASSERTIONS = NO;
				ENABLE_STRICT_OBJC_MSGSEND = YES;
				GCC_C_LANGUAGE_STANDARD = gnu11;
				GCC_NO_COMMON_BLOCKS = YES;
				GCC_WARN_64_TO_32_BIT_CONVERSION = YES;
				GCC_WARN_ABOUT_RETURN_TYPE = YES_ERROR;
				GCC_WARN_UNDECLARED_SELECTOR = YES;
				GCC_WARN_UNINITIALIZED_AUTOS = YES_AGGRESSIVE;
				GCC_WARN_UNUSED_FUNCTION = YES;
				GCC_WARN_UNUSED_VARIABLE = YES;
				IPHONEOS_DEPLOYMENT_TARGET = 14.4;
				MTL_ENABLE_DEBUG_INFO = NO;
				MTL_FAST_MATH = YES;
				SDKROOT = iphoneos;
				SWIFT_COMPILATION_MODE = wholemodule;
				SWIFT_OPTIMIZATION_LEVEL = "-O";
				VALIDATE_PRODUCT = YES;
			};
			name = Release;
		};
		CC517CC725E169C5004EF1D3 /* Debug */ = {
			isa = XCBuildConfiguration;
			buildSettings = {
				ASSETCATALOG_COMPILER_APPICON_NAME = AppIcon;
				ASSETCATALOG_COMPILER_GLOBAL_ACCENT_COLOR_NAME = AccentColor;
				CODE_SIGN_STYLE = Automatic;
				DEVELOPMENT_TEAM = GP2MNFPFHC;
				INFOPLIST_FILE = coronaAPP/Info.plist;
				LD_RUNPATH_SEARCH_PATHS = (
					"$(inherited)",
					"@executable_path/Frameworks",
				);
				PRODUCT_BUNDLE_IDENTIFIER = com.andre.coronaAPP;
				PRODUCT_NAME = "$(TARGET_NAME)";
				SWIFT_VERSION = 5.0;
				TARGETED_DEVICE_FAMILY = "1,2";
			};
			name = Debug;
		};
		CC517CC825E169C5004EF1D3 /* Release */ = {
			isa = XCBuildConfiguration;
			buildSettings = {
				ASSETCATALOG_COMPILER_APPICON_NAME = AppIcon;
				ASSETCATALOG_COMPILER_GLOBAL_ACCENT_COLOR_NAME = AccentColor;
				CODE_SIGN_STYLE = Automatic;
				DEVELOPMENT_TEAM = GP2MNFPFHC;
				INFOPLIST_FILE = coronaAPP/Info.plist;
				LD_RUNPATH_SEARCH_PATHS = (
					"$(inherited)",
					"@executable_path/Frameworks",
				);
				PRODUCT_BUNDLE_IDENTIFIER = com.andre.coronaAPP;
				PRODUCT_NAME = "$(TARGET_NAME)";
				SWIFT_VERSION = 5.0;
				TARGETED_DEVICE_FAMILY = "1,2";
			};
			name = Release;
		};
/* End XCBuildConfiguration section */

/* Begin XCConfigurationList section */
		CC517CAD25E169C4004EF1D3 /* Build configuration list for PBXProject "coronaAPP" */ = {
			isa = XCConfigurationList;
			buildConfigurations = (
				CC517CC425E169C5004EF1D3 /* Debug */,
				CC517CC525E169C5004EF1D3 /* Release */,
			);
			defaultConfigurationIsVisible = 0;
			defaultConfigurationName = Release;
		};
		CC517CC625E169C5004EF1D3 /* Build configuration list for PBXNativeTarget "coronaAPP" */ = {
			isa = XCConfigurationList;
			buildConfigurations = (
				CC517CC725E169C5004EF1D3 /* Debug */,
				CC517CC825E169C5004EF1D3 /* Release */,
			);
			defaultConfigurationIsVisible = 0;
			defaultConfigurationName = Release;
		};
/* End XCConfigurationList section */
	};
	rootObject = CC517CAA25E169C4004EF1D3 /* Project object */;
}
